// !$*UTF8*$!
{
	archiveVersion = 1;
	classes = {
	};
	objectVersion = 50;
	objects = {

/* Begin PBXBuildFile section */
		740A530A7166356C852A3FB1 /* libPods-Notes.a in Frameworks */ = {isa = PBXBuildFile; fileRef = 2968A166A8ACDDC72393BEB5 /* libPods-Notes.a */; };
		9DA0670290084DBAD421D91D /* libPods-NotesTests.a in Frameworks */ = {isa = PBXBuildFile; fileRef = 911F4F902E5DD0435231DA37 /* libPods-NotesTests.a */; };
		FE31FEFE22DE72E90026D334 /* NoteTableViewCell.swift in Sources */ = {isa = PBXBuildFile; fileRef = FE31FEFC22DE72E90026D334 /* NoteTableViewCell.swift */; };
		FE31FEFF22DE72E90026D334 /* NoteTableViewCell.xib in Resources */ = {isa = PBXBuildFile; fileRef = FE31FEFD22DE72E90026D334 /* NoteTableViewCell.xib */; };
		FE388D3422DA4E9300D9AA83 /* CGFloatExtension.swift in Sources */ = {isa = PBXBuildFile; fileRef = FE388D3322DA4E9300D9AA83 /* CGFloatExtension.swift */; };
		FE397B4722DA07EA00063CAA /* ColorFieldView.swift in Sources */ = {isa = PBXBuildFile; fileRef = FE397B4622DA07EA00063CAA /* ColorFieldView.swift */; };
		FE6223DB22C3745100DA0A99 /* AppDelegate.swift in Sources */ = {isa = PBXBuildFile; fileRef = FE6223DA22C3745100DA0A99 /* AppDelegate.swift */; };
		FE6223E022C3745100DA0A99 /* Main.storyboard in Resources */ = {isa = PBXBuildFile; fileRef = FE6223DE22C3745100DA0A99 /* Main.storyboard */; };
		FE6223E222C3745500DA0A99 /* Assets.xcassets in Resources */ = {isa = PBXBuildFile; fileRef = FE6223E122C3745500DA0A99 /* Assets.xcassets */; };
		FE6223E522C3745500DA0A99 /* LaunchScreen.storyboard in Resources */ = {isa = PBXBuildFile; fileRef = FE6223E322C3745500DA0A99 /* LaunchScreen.storyboard */; };
		FE6223F022C3745500DA0A99 /* NotesTests.swift in Sources */ = {isa = PBXBuildFile; fileRef = FE6223EF22C3745500DA0A99 /* NotesTests.swift */; };
		FE74EBA122DDCB4E0081FE7F /* NotesViewController.swift in Sources */ = {isa = PBXBuildFile; fileRef = FE74EBA022DDCB4E0081FE7F /* NotesViewController.swift */; };
		FE74EBA322DDD4040081FE7F /* ColorPickerViewController.swift in Sources */ = {isa = PBXBuildFile; fileRef = FE74EBA222DDD4040081FE7F /* ColorPickerViewController.swift */; };
		FE8300F422C4E0DD0026DDF3 /* Note.swift in Sources */ = {isa = PBXBuildFile; fileRef = FE8300F322C4E0DD0026DDF3 /* Note.swift */; };
		FE8300F622C4E11A0026DDF3 /* NoteExtension.swift in Sources */ = {isa = PBXBuildFile; fileRef = FE8300F522C4E11A0026DDF3 /* NoteExtension.swift */; };
		FE8300FA22C4E16F0026DDF3 /* FileNotebook.swift in Sources */ = {isa = PBXBuildFile; fileRef = FE8300F922C4E16F0026DDF3 /* FileNotebook.swift */; };
		FEA4006222D3E34C00488FA8 /* NoteEditViewController.swift in Sources */ = {isa = PBXBuildFile; fileRef = FEA4006122D3E34C00488FA8 /* NoteEditViewController.swift */; };
		FECDA43F22D5F52A0081BB4A /* ColorSelectorView.swift in Sources */ = {isa = PBXBuildFile; fileRef = FECDA43E22D5F52A0081BB4A /* ColorSelectorView.swift */; };
		FECDA44122D616700081BB4A /* ColorItemView.swift in Sources */ = {isa = PBXBuildFile; fileRef = FECDA44022D616700081BB4A /* ColorItemView.swift */; };
		FECDA44522D9C2560081BB4A /* ColorPickerView.swift in Sources */ = {isa = PBXBuildFile; fileRef = FECDA44422D9C2560081BB4A /* ColorPickerView.swift */; };
		FECDA44722D9E3870081BB4A /* SelectedColorView.swift in Sources */ = {isa = PBXBuildFile; fileRef = FECDA44622D9E3870081BB4A /* SelectedColorView.swift */; };
		FED32FF122DF88A2001D47D2 /* ImageNote.swift in Sources */ = {isa = PBXBuildFile; fileRef = FED32FF022DF88A2001D47D2 /* ImageNote.swift */; };
		FED32FF322DF8C5F001D47D2 /* GalleryViewController.swift in Sources */ = {isa = PBXBuildFile; fileRef = FED32FF222DF8C5F001D47D2 /* GalleryViewController.swift */; };
		FED32FF622DF8ED3001D47D2 /* NoteCollectionViewCell.swift in Sources */ = {isa = PBXBuildFile; fileRef = FED32FF422DF8ED3001D47D2 /* NoteCollectionViewCell.swift */; };
		FED32FF722DF8ED3001D47D2 /* NoteCollectionViewCell.xib in Resources */ = {isa = PBXBuildFile; fileRef = FED32FF522DF8ED3001D47D2 /* NoteCollectionViewCell.xib */; };
		FED32FFB22DF9D8A001D47D2 /* DefaultImageNotes in Resources */ = {isa = PBXBuildFile; fileRef = FED32FFA22DF9D8A001D47D2 /* DefaultImageNotes */; };
		FED32FFD22E05C57001D47D2 /* ImageNoteViewController.swift in Sources */ = {isa = PBXBuildFile; fileRef = FED32FFC22E05C57001D47D2 /* ImageNoteViewController.swift */; };
/* End PBXBuildFile section */

/* Begin PBXContainerItemProxy section */
		FE6223EC22C3745500DA0A99 /* PBXContainerItemProxy */ = {
			isa = PBXContainerItemProxy;
			containerPortal = FE6223CF22C3745000DA0A99 /* Project object */;
			proxyType = 1;
			remoteGlobalIDString = FE6223D622C3745100DA0A99;
			remoteInfo = Notes;
		};
/* End PBXContainerItemProxy section */

/* Begin PBXFileReference section */
		2968A166A8ACDDC72393BEB5 /* libPods-Notes.a */ = {isa = PBXFileReference; explicitFileType = archive.ar; includeInIndex = 0; path = "libPods-Notes.a"; sourceTree = BUILT_PRODUCTS_DIR; };
		29DC065DF7C157830F6AC6CA /* Pods-NotesTests.qa.xcconfig */ = {isa = PBXFileReference; includeInIndex = 1; lastKnownFileType = text.xcconfig; name = "Pods-NotesTests.qa.xcconfig"; path = "Target Support Files/Pods-NotesTests/Pods-NotesTests.qa.xcconfig"; sourceTree = "<group>"; };
		487E35911BF3D916AE299707 /* Pods-Notes.qa.xcconfig */ = {isa = PBXFileReference; includeInIndex = 1; lastKnownFileType = text.xcconfig; name = "Pods-Notes.qa.xcconfig"; path = "Target Support Files/Pods-Notes/Pods-Notes.qa.xcconfig"; sourceTree = "<group>"; };
		5E3C1E317AFC70DDBCB5D342 /* Pods-Notes.release.xcconfig */ = {isa = PBXFileReference; includeInIndex = 1; lastKnownFileType = text.xcconfig; name = "Pods-Notes.release.xcconfig"; path = "Target Support Files/Pods-Notes/Pods-Notes.release.xcconfig"; sourceTree = "<group>"; };
		626D5FA67EE0DA596A3B9B25 /* Pods-NotesTests.debug.xcconfig */ = {isa = PBXFileReference; includeInIndex = 1; lastKnownFileType = text.xcconfig; name = "Pods-NotesTests.debug.xcconfig"; path = "Target Support Files/Pods-NotesTests/Pods-NotesTests.debug.xcconfig"; sourceTree = "<group>"; };
		852E12BADF0973810FF4CCD3 /* Pods-NotesTests.release.xcconfig */ = {isa = PBXFileReference; includeInIndex = 1; lastKnownFileType = text.xcconfig; name = "Pods-NotesTests.release.xcconfig"; path = "Target Support Files/Pods-NotesTests/Pods-NotesTests.release.xcconfig"; sourceTree = "<group>"; };
		911F4F902E5DD0435231DA37 /* libPods-NotesTests.a */ = {isa = PBXFileReference; explicitFileType = archive.ar; includeInIndex = 0; path = "libPods-NotesTests.a"; sourceTree = BUILT_PRODUCTS_DIR; };
		D956F4B80BB8ED8DCC268FA5 /* Pods-Notes.debug.xcconfig */ = {isa = PBXFileReference; includeInIndex = 1; lastKnownFileType = text.xcconfig; name = "Pods-Notes.debug.xcconfig"; path = "Target Support Files/Pods-Notes/Pods-Notes.debug.xcconfig"; sourceTree = "<group>"; };
		FE31FEFC22DE72E90026D334 /* NoteTableViewCell.swift */ = {isa = PBXFileReference; lastKnownFileType = sourcecode.swift; path = NoteTableViewCell.swift; sourceTree = "<group>"; };
		FE31FEFD22DE72E90026D334 /* NoteTableViewCell.xib */ = {isa = PBXFileReference; lastKnownFileType = file.xib; name = NoteTableViewCell.xib; path = ../../NoteTableViewCell.xib; sourceTree = "<group>"; };
		FE388D3322DA4E9300D9AA83 /* CGFloatExtension.swift */ = {isa = PBXFileReference; lastKnownFileType = sourcecode.swift; path = CGFloatExtension.swift; sourceTree = "<group>"; };
		FE397B4622DA07EA00063CAA /* ColorFieldView.swift */ = {isa = PBXFileReference; lastKnownFileType = sourcecode.swift; path = ColorFieldView.swift; sourceTree = "<group>"; };
		FE6223D722C3745100DA0A99 /* Notes.app */ = {isa = PBXFileReference; explicitFileType = wrapper.application; includeInIndex = 0; path = Notes.app; sourceTree = BUILT_PRODUCTS_DIR; };
		FE6223DA22C3745100DA0A99 /* AppDelegate.swift */ = {isa = PBXFileReference; lastKnownFileType = sourcecode.swift; path = AppDelegate.swift; sourceTree = "<group>"; };
		FE6223DF22C3745100DA0A99 /* Base */ = {isa = PBXFileReference; lastKnownFileType = file.storyboard; name = Base; path = Base.lproj/Main.storyboard; sourceTree = "<group>"; };
		FE6223E122C3745500DA0A99 /* Assets.xcassets */ = {isa = PBXFileReference; lastKnownFileType = folder.assetcatalog; path = Assets.xcassets; sourceTree = "<group>"; };
		FE6223E422C3745500DA0A99 /* Base */ = {isa = PBXFileReference; lastKnownFileType = file.storyboard; name = Base; path = Base.lproj/LaunchScreen.storyboard; sourceTree = "<group>"; };
		FE6223E622C3745500DA0A99 /* Info.plist */ = {isa = PBXFileReference; lastKnownFileType = text.plist.xml; path = Info.plist; sourceTree = "<group>"; };
		FE6223EB22C3745500DA0A99 /* NotesTests.xctest */ = {isa = PBXFileReference; explicitFileType = wrapper.cfbundle; includeInIndex = 0; path = NotesTests.xctest; sourceTree = BUILT_PRODUCTS_DIR; };
		FE6223EF22C3745500DA0A99 /* NotesTests.swift */ = {isa = PBXFileReference; lastKnownFileType = sourcecode.swift; path = NotesTests.swift; sourceTree = "<group>"; };
		FE6223F122C3745500DA0A99 /* Info.plist */ = {isa = PBXFileReference; lastKnownFileType = text.plist.xml; path = Info.plist; sourceTree = "<group>"; };
		FE74EBA022DDCB4E0081FE7F /* NotesViewController.swift */ = {isa = PBXFileReference; lastKnownFileType = sourcecode.swift; path = NotesViewController.swift; sourceTree = "<group>"; };
		FE74EBA222DDD4040081FE7F /* ColorPickerViewController.swift */ = {isa = PBXFileReference; lastKnownFileType = sourcecode.swift; path = ColorPickerViewController.swift; sourceTree = "<group>"; };
		FE8300F322C4E0DD0026DDF3 /* Note.swift */ = {isa = PBXFileReference; lastKnownFileType = sourcecode.swift; path = Note.swift; sourceTree = "<group>"; };
		FE8300F522C4E11A0026DDF3 /* NoteExtension.swift */ = {isa = PBXFileReference; lastKnownFileType = sourcecode.swift; path = NoteExtension.swift; sourceTree = "<group>"; };
		FE8300F922C4E16F0026DDF3 /* FileNotebook.swift */ = {isa = PBXFileReference; lastKnownFileType = sourcecode.swift; path = FileNotebook.swift; sourceTree = "<group>"; };
		FEA4006122D3E34C00488FA8 /* NoteEditViewController.swift */ = {isa = PBXFileReference; lastKnownFileType = sourcecode.swift; path = NoteEditViewController.swift; sourceTree = "<group>"; };
		FECDA43E22D5F52A0081BB4A /* ColorSelectorView.swift */ = {isa = PBXFileReference; lastKnownFileType = sourcecode.swift; path = ColorSelectorView.swift; sourceTree = "<group>"; };
		FECDA44022D616700081BB4A /* ColorItemView.swift */ = {isa = PBXFileReference; lastKnownFileType = sourcecode.swift; path = ColorItemView.swift; sourceTree = "<group>"; };
		FECDA44422D9C2560081BB4A /* ColorPickerView.swift */ = {isa = PBXFileReference; lastKnownFileType = sourcecode.swift; path = ColorPickerView.swift; sourceTree = "<group>"; };
		FECDA44622D9E3870081BB4A /* SelectedColorView.swift */ = {isa = PBXFileReference; lastKnownFileType = sourcecode.swift; path = SelectedColorView.swift; sourceTree = "<group>"; };
		FED32FF022DF88A2001D47D2 /* ImageNote.swift */ = {isa = PBXFileReference; lastKnownFileType = sourcecode.swift; path = ImageNote.swift; sourceTree = "<group>"; };
		FED32FF222DF8C5F001D47D2 /* GalleryViewController.swift */ = {isa = PBXFileReference; lastKnownFileType = sourcecode.swift; path = GalleryViewController.swift; sourceTree = "<group>"; };
		FED32FF422DF8ED3001D47D2 /* NoteCollectionViewCell.swift */ = {isa = PBXFileReference; lastKnownFileType = sourcecode.swift; path = NoteCollectionViewCell.swift; sourceTree = "<group>"; };
		FED32FF522DF8ED3001D47D2 /* NoteCollectionViewCell.xib */ = {isa = PBXFileReference; lastKnownFileType = file.xib; path = NoteCollectionViewCell.xib; sourceTree = "<group>"; };
		FED32FFA22DF9D8A001D47D2 /* DefaultImageNotes */ = {isa = PBXFileReference; lastKnownFileType = folder; path = DefaultImageNotes; sourceTree = "<group>"; };
		FED32FFC22E05C57001D47D2 /* ImageNoteViewController.swift */ = {isa = PBXFileReference; lastKnownFileType = sourcecode.swift; path = ImageNoteViewController.swift; sourceTree = "<group>"; };
/* End PBXFileReference section */

/* Begin PBXFrameworksBuildPhase section */
		FE6223D422C3745000DA0A99 /* Frameworks */ = {
			isa = PBXFrameworksBuildPhase;
			buildActionMask = 2147483647;
			files = (
				740A530A7166356C852A3FB1 /* libPods-Notes.a in Frameworks */,
			);
			runOnlyForDeploymentPostprocessing = 0;
		};
		FE6223E822C3745500DA0A99 /* Frameworks */ = {
			isa = PBXFrameworksBuildPhase;
			buildActionMask = 2147483647;
			files = (
				9DA0670290084DBAD421D91D /* libPods-NotesTests.a in Frameworks */,
			);
			runOnlyForDeploymentPostprocessing = 0;
		};
/* End PBXFrameworksBuildPhase section */

/* Begin PBXGroup section */
		1F312484B09543E8FC3C553B /* Frameworks */ = {
			isa = PBXGroup;
			children = (
				2968A166A8ACDDC72393BEB5 /* libPods-Notes.a */,
				911F4F902E5DD0435231DA37 /* libPods-NotesTests.a */,
			);
			name = Frameworks;
			sourceTree = "<group>";
		};
		5DD2C2D55294F09F81E209B0 /* Pods */ = {
			isa = PBXGroup;
			children = (
				D956F4B80BB8ED8DCC268FA5 /* Pods-Notes.debug.xcconfig */,
				5E3C1E317AFC70DDBCB5D342 /* Pods-Notes.release.xcconfig */,
				487E35911BF3D916AE299707 /* Pods-Notes.qa.xcconfig */,
				626D5FA67EE0DA596A3B9B25 /* Pods-NotesTests.debug.xcconfig */,
				852E12BADF0973810FF4CCD3 /* Pods-NotesTests.release.xcconfig */,
				29DC065DF7C157830F6AC6CA /* Pods-NotesTests.qa.xcconfig */,
			);
			path = Pods;
			sourceTree = "<group>";
		};
		FE6223CE22C3745000DA0A99 = {
			isa = PBXGroup;
			children = (
				FE6223D922C3745100DA0A99 /* Notes */,
				FE6223EE22C3745500DA0A99 /* NotesTests */,
				FE6223D822C3745100DA0A99 /* Products */,
				5DD2C2D55294F09F81E209B0 /* Pods */,
				1F312484B09543E8FC3C553B /* Frameworks */,
			);
			sourceTree = "<group>";
		};
		FE6223D822C3745100DA0A99 /* Products */ = {
			isa = PBXGroup;
			children = (
				FE6223D722C3745100DA0A99 /* Notes.app */,
				FE6223EB22C3745500DA0A99 /* NotesTests.xctest */,
			);
			name = Products;
			sourceTree = "<group>";
		};
		FE6223D922C3745100DA0A99 /* Notes */ = {
			isa = PBXGroup;
			children = (
				FED32FFE22E0CB83001D47D2 /* Components */,
				FED3300222E0CC0B001D47D2 /* Modules */,
				FE8300F222C4E0C90026DDF3 /* Model */,
				FE6223DA22C3745100DA0A99 /* AppDelegate.swift */,
				FE6223E322C3745500DA0A99 /* LaunchScreen.storyboard */,
				FE6223DE22C3745100DA0A99 /* Main.storyboard */,
				FED32FFA22DF9D8A001D47D2 /* DefaultImageNotes */,
				FE6223E122C3745500DA0A99 /* Assets.xcassets */,
				FE6223E622C3745500DA0A99 /* Info.plist */,
			);
			path = Notes;
			sourceTree = "<group>";
		};
		FE6223EE22C3745500DA0A99 /* NotesTests */ = {
			isa = PBXGroup;
			children = (
				FE6223EF22C3745500DA0A99 /* NotesTests.swift */,
				FE6223F122C3745500DA0A99 /* Info.plist */,
			);
			path = NotesTests;
			sourceTree = "<group>";
		};
		FE8300F222C4E0C90026DDF3 /* Model */ = {
			isa = PBXGroup;
			children = (
				FE8300F322C4E0DD0026DDF3 /* Note.swift */,
				FE8300F522C4E11A0026DDF3 /* NoteExtension.swift */,
				FE8300F922C4E16F0026DDF3 /* FileNotebook.swift */,
				FED32FF022DF88A2001D47D2 /* ImageNote.swift */,
			);
			path = Model;
			sourceTree = "<group>";
		};
		FED32FFE22E0CB83001D47D2 /* Components */ = {
			isa = PBXGroup;
			children = (
				FED32FFF22E0CB9A001D47D2 /* ColorPicker */,
				FED3300022E0CBC4001D47D2 /* ColorSelector */,
				FED3300422E0CFB3001D47D2 /* Shared */,
			);
			path = Components;
			sourceTree = "<group>";
		};
		FED32FFF22E0CB9A001D47D2 /* ColorPicker */ = {
			isa = PBXGroup;
			children = (
				FECDA44422D9C2560081BB4A /* ColorPickerView.swift */,
				FE397B4622DA07EA00063CAA /* ColorFieldView.swift */,
				FECDA44622D9E3870081BB4A /* SelectedColorView.swift */,
			);
			path = ColorPicker;
			sourceTree = "<group>";
		};
		FED3300022E0CBC4001D47D2 /* ColorSelector */ = {
			isa = PBXGroup;
			children = (
				FECDA43E22D5F52A0081BB4A /* ColorSelectorView.swift */,
				FECDA44022D616700081BB4A /* ColorItemView.swift */,
			);
			path = ColorSelector;
			sourceTree = "<group>";
		};
		FED3300122E0CBF6001D47D2 /* Notes */ = {
			isa = PBXGroup;
			children = (
				FE74EBA022DDCB4E0081FE7F /* NotesViewController.swift */,
				FEA4006122D3E34C00488FA8 /* NoteEditViewController.swift */,
				FE74EBA222DDD4040081FE7F /* ColorPickerViewController.swift */,
				FE31FEFC22DE72E90026D334 /* NoteTableViewCell.swift */,
				FE31FEFD22DE72E90026D334 /* NoteTableViewCell.xib */,
			);
			path = Notes;
			sourceTree = "<group>";
		};
		FED3300222E0CC0B001D47D2 /* Modules */ = {
			isa = PBXGroup;
			children = (
				FED3300322E0CC48001D47D2 /* Gallery */,
				FED3300122E0CBF6001D47D2 /* Notes */,
			);
			path = Modules;
			sourceTree = "<group>";
		};
		FED3300322E0CC48001D47D2 /* Gallery */ = {
			isa = PBXGroup;
			children = (
				FED32FF222DF8C5F001D47D2 /* GalleryViewController.swift */,
				FED32FF422DF8ED3001D47D2 /* NoteCollectionViewCell.swift */,
				FED32FF522DF8ED3001D47D2 /* NoteCollectionViewCell.xib */,
				FED32FFC22E05C57001D47D2 /* ImageNoteViewController.swift */,
			);
			path = Gallery;
			sourceTree = "<group>";
		};
		FED3300422E0CFB3001D47D2 /* Shared */ = {
			isa = PBXGroup;
			children = (
				FE388D3322DA4E9300D9AA83 /* CGFloatExtension.swift */,
			);
			path = Shared;
			sourceTree = "<group>";
		};
/* End PBXGroup section */

/* Begin PBXNativeTarget section */
		FE6223D622C3745100DA0A99 /* Notes */ = {
			isa = PBXNativeTarget;
			buildConfigurationList = FE6223F422C3745500DA0A99 /* Build configuration list for PBXNativeTarget "Notes" */;
			buildPhases = (
				BB8D0B1BD7CD170F79D493C5 /* [CP] Check Pods Manifest.lock */,
				FE6223D322C3745000DA0A99 /* Sources */,
				FE6223D422C3745000DA0A99 /* Frameworks */,
				FE6223D522C3745000DA0A99 /* Resources */,
			);
			buildRules = (
			);
			dependencies = (
			);
			name = Notes;
			productName = Notes;
			productReference = FE6223D722C3745100DA0A99 /* Notes.app */;
			productType = "com.apple.product-type.application";
		};
		FE6223EA22C3745500DA0A99 /* NotesTests */ = {
			isa = PBXNativeTarget;
			buildConfigurationList = FE6223F722C3745500DA0A99 /* Build configuration list for PBXNativeTarget "NotesTests" */;
			buildPhases = (
				8F57E20DF51F0D525371864B /* [CP] Check Pods Manifest.lock */,
				FE6223E722C3745500DA0A99 /* Sources */,
				FE6223E822C3745500DA0A99 /* Frameworks */,
				FE6223E922C3745500DA0A99 /* Resources */,
			);
			buildRules = (
			);
			dependencies = (
				FE6223ED22C3745500DA0A99 /* PBXTargetDependency */,
			);
			name = NotesTests;
			productName = NotesTests;
			productReference = FE6223EB22C3745500DA0A99 /* NotesTests.xctest */;
			productType = "com.apple.product-type.bundle.unit-test";
		};
/* End PBXNativeTarget section */

/* Begin PBXProject section */
		FE6223CF22C3745000DA0A99 /* Project object */ = {
			isa = PBXProject;
			attributes = {
				LastSwiftUpdateCheck = 1020;
				LastUpgradeCheck = 1020;
				ORGANIZATIONNAME = "VIS Apps";
				TargetAttributes = {
					FE6223D622C3745100DA0A99 = {
						CreatedOnToolsVersion = 10.2.1;
					};
					FE6223EA22C3745500DA0A99 = {
						CreatedOnToolsVersion = 10.2.1;
						TestTargetID = FE6223D622C3745100DA0A99;
					};
				};
			};
			buildConfigurationList = FE6223D222C3745000DA0A99 /* Build configuration list for PBXProject "Notes" */;
			compatibilityVersion = "Xcode 9.3";
			developmentRegion = en;
			hasScannedForEncodings = 0;
			knownRegions = (
				en,
				Base,
			);
			mainGroup = FE6223CE22C3745000DA0A99;
			productRefGroup = FE6223D822C3745100DA0A99 /* Products */;
			projectDirPath = "";
			projectRoot = "";
			targets = (
				FE6223D622C3745100DA0A99 /* Notes */,
				FE6223EA22C3745500DA0A99 /* NotesTests */,
			);
		};
/* End PBXProject section */

/* Begin PBXResourcesBuildPhase section */
		FE6223D522C3745000DA0A99 /* Resources */ = {
			isa = PBXResourcesBuildPhase;
			buildActionMask = 2147483647;
			files = (
				FE6223E522C3745500DA0A99 /* LaunchScreen.storyboard in Resources */,
				FE6223E222C3745500DA0A99 /* Assets.xcassets in Resources */,
				FE6223E022C3745100DA0A99 /* Main.storyboard in Resources */,
				FED32FF722DF8ED3001D47D2 /* NoteCollectionViewCell.xib in Resources */,
				FE31FEFF22DE72E90026D334 /* NoteTableViewCell.xib in Resources */,
				FED32FFB22DF9D8A001D47D2 /* DefaultImageNotes in Resources */,
			);
			runOnlyForDeploymentPostprocessing = 0;
		};
		FE6223E922C3745500DA0A99 /* Resources */ = {
			isa = PBXResourcesBuildPhase;
			buildActionMask = 2147483647;
			files = (
			);
			runOnlyForDeploymentPostprocessing = 0;
		};
/* End PBXResourcesBuildPhase section */

/* Begin PBXShellScriptBuildPhase section */
		8F57E20DF51F0D525371864B /* [CP] Check Pods Manifest.lock */ = {
			isa = PBXShellScriptBuildPhase;
			buildActionMask = 2147483647;
			files = (
			);
			inputFileListPaths = (
			);
			inputPaths = (
				"${PODS_PODFILE_DIR_PATH}/Podfile.lock",
				"${PODS_ROOT}/Manifest.lock",
			);
			name = "[CP] Check Pods Manifest.lock";
			outputFileListPaths = (
			);
			outputPaths = (
				"$(DERIVED_FILE_DIR)/Pods-NotesTests-checkManifestLockResult.txt",
			);
			runOnlyForDeploymentPostprocessing = 0;
			shellPath = /bin/sh;
			shellScript = "diff \"${PODS_PODFILE_DIR_PATH}/Podfile.lock\" \"${PODS_ROOT}/Manifest.lock\" > /dev/null\nif [ $? != 0 ] ; then\n    # print error to STDERR\n    echo \"error: The sandbox is not in sync with the Podfile.lock. Run 'pod install' or update your CocoaPods installation.\" >&2\n    exit 1\nfi\n# This output is used by Xcode 'outputs' to avoid re-running this script phase.\necho \"SUCCESS\" > \"${SCRIPT_OUTPUT_FILE_0}\"\n";
			showEnvVarsInLog = 0;
		};
		BB8D0B1BD7CD170F79D493C5 /* [CP] Check Pods Manifest.lock */ = {
			isa = PBXShellScriptBuildPhase;
			buildActionMask = 2147483647;
			files = (
			);
			inputFileListPaths = (
			);
			inputPaths = (
				"${PODS_PODFILE_DIR_PATH}/Podfile.lock",
				"${PODS_ROOT}/Manifest.lock",
			);
			name = "[CP] Check Pods Manifest.lock";
			outputFileListPaths = (
			);
			outputPaths = (
				"$(DERIVED_FILE_DIR)/Pods-Notes-checkManifestLockResult.txt",
			);
			runOnlyForDeploymentPostprocessing = 0;
			shellPath = /bin/sh;
			shellScript = "diff \"${PODS_PODFILE_DIR_PATH}/Podfile.lock\" \"${PODS_ROOT}/Manifest.lock\" > /dev/null\nif [ $? != 0 ] ; then\n    # print error to STDERR\n    echo \"error: The sandbox is not in sync with the Podfile.lock. Run 'pod install' or update your CocoaPods installation.\" >&2\n    exit 1\nfi\n# This output is used by Xcode 'outputs' to avoid re-running this script phase.\necho \"SUCCESS\" > \"${SCRIPT_OUTPUT_FILE_0}\"\n";
			showEnvVarsInLog = 0;
		};
/* End PBXShellScriptBuildPhase section */

/* Begin PBXSourcesBuildPhase section */
		FE6223D322C3745000DA0A99 /* Sources */ = {
			isa = PBXSourcesBuildPhase;
			buildActionMask = 2147483647;
			files = (
				FED32FF622DF8ED3001D47D2 /* NoteCollectionViewCell.swift in Sources */,
				FEA4006222D3E34C00488FA8 /* NoteEditViewController.swift in Sources */,
				FED32FF322DF8C5F001D47D2 /* GalleryViewController.swift in Sources */,
				FE8300FA22C4E16F0026DDF3 /* FileNotebook.swift in Sources */,
				FED32FF122DF88A2001D47D2 /* ImageNote.swift in Sources */,
				FE8300F622C4E11A0026DDF3 /* NoteExtension.swift in Sources */,
				FE6223DB22C3745100DA0A99 /* AppDelegate.swift in Sources */,
				FECDA44522D9C2560081BB4A /* ColorPickerView.swift in Sources */,
				FE8300F422C4E0DD0026DDF3 /* Note.swift in Sources */,
				FE74EBA122DDCB4E0081FE7F /* NotesViewController.swift in Sources */,
				FE31FEFE22DE72E90026D334 /* NoteTableViewCell.swift in Sources */,
				FECDA44722D9E3870081BB4A /* SelectedColorView.swift in Sources */,
				FED32FFD22E05C57001D47D2 /* ImageNoteViewController.swift in Sources */,
				FECDA43F22D5F52A0081BB4A /* ColorSelectorView.swift in Sources */,
				FE74EBA322DDD4040081FE7F /* ColorPickerViewController.swift in Sources */,
				FECDA44122D616700081BB4A /* ColorItemView.swift in Sources */,
				FE388D3422DA4E9300D9AA83 /* CGFloatExtension.swift in Sources */,
				FE397B4722DA07EA00063CAA /* ColorFieldView.swift in Sources */,
			);
			runOnlyForDeploymentPostprocessing = 0;
		};
		FE6223E722C3745500DA0A99 /* Sources */ = {
			isa = PBXSourcesBuildPhase;
			buildActionMask = 2147483647;
			files = (
				FE6223F022C3745500DA0A99 /* NotesTests.swift in Sources */,
			);
			runOnlyForDeploymentPostprocessing = 0;
		};
/* End PBXSourcesBuildPhase section */

/* Begin PBXTargetDependency section */
		FE6223ED22C3745500DA0A99 /* PBXTargetDependency */ = {
			isa = PBXTargetDependency;
			target = FE6223D622C3745100DA0A99 /* Notes */;
			targetProxy = FE6223EC22C3745500DA0A99 /* PBXContainerItemProxy */;
		};
/* End PBXTargetDependency section */

/* Begin PBXVariantGroup section */
		FE6223DE22C3745100DA0A99 /* Main.storyboard */ = {
			isa = PBXVariantGroup;
			children = (
				FE6223DF22C3745100DA0A99 /* Base */,
			);
			name = Main.storyboard;
			sourceTree = "<group>";
		};
		FE6223E322C3745500DA0A99 /* LaunchScreen.storyboard */ = {
			isa = PBXVariantGroup;
			children = (
				FE6223E422C3745500DA0A99 /* Base */,
			);
			name = LaunchScreen.storyboard;
			sourceTree = "<group>";
		};
/* End PBXVariantGroup section */

/* Begin XCBuildConfiguration section */
		FE6223F222C3745500DA0A99 /* Debug */ = {
			isa = XCBuildConfiguration;
			buildSettings = {
				ALWAYS_SEARCH_USER_PATHS = NO;
				CLANG_ANALYZER_NONNULL = YES;
				CLANG_ANALYZER_NUMBER_OBJECT_CONVERSION = YES_AGGRESSIVE;
				CLANG_CXX_LANGUAGE_STANDARD = "gnu++14";
				CLANG_CXX_LIBRARY = "libc++";
				CLANG_ENABLE_MODULES = YES;
				CLANG_ENABLE_OBJC_ARC = YES;
				CLANG_ENABLE_OBJC_WEAK = YES;
				CLANG_WARN_BLOCK_CAPTURE_AUTORELEASING = YES;
				CLANG_WARN_BOOL_CONVERSION = YES;
				CLANG_WARN_COMMA = YES;
				CLANG_WARN_CONSTANT_CONVERSION = YES;
				CLANG_WARN_DEPRECATED_OBJC_IMPLEMENTATIONS = YES;
				CLANG_WARN_DIRECT_OBJC_ISA_USAGE = YES_ERROR;
				CLANG_WARN_DOCUMENTATION_COMMENTS = YES;
				CLANG_WARN_EMPTY_BODY = YES;
				CLANG_WARN_ENUM_CONVERSION = YES;
				CLANG_WARN_INFINITE_RECURSION = YES;
				CLANG_WARN_INT_CONVERSION = YES;
				CLANG_WARN_NON_LITERAL_NULL_CONVERSION = YES;
				CLANG_WARN_OBJC_IMPLICIT_RETAIN_SELF = YES;
				CLANG_WARN_OBJC_LITERAL_CONVERSION = YES;
				CLANG_WARN_OBJC_ROOT_CLASS = YES_ERROR;
				CLANG_WARN_RANGE_LOOP_ANALYSIS = YES;
				CLANG_WARN_STRICT_PROTOTYPES = YES;
				CLANG_WARN_SUSPICIOUS_MOVE = YES;
				CLANG_WARN_UNGUARDED_AVAILABILITY = YES_AGGRESSIVE;
				CLANG_WARN_UNREACHABLE_CODE = YES;
				CLANG_WARN__DUPLICATE_METHOD_MATCH = YES;
				CODE_SIGN_IDENTITY = "iPhone Developer";
				COPY_PHASE_STRIP = NO;
				DEBUG_INFORMATION_FORMAT = dwarf;
				ENABLE_STRICT_OBJC_MSGSEND = YES;
				ENABLE_TESTABILITY = YES;
				GCC_C_LANGUAGE_STANDARD = gnu11;
				GCC_DYNAMIC_NO_PIC = NO;
				GCC_NO_COMMON_BLOCKS = YES;
				GCC_OPTIMIZATION_LEVEL = 0;
				GCC_PREPROCESSOR_DEFINITIONS = (
					"DEBUG=1",
					"$(inherited)",
				);
				GCC_WARN_64_TO_32_BIT_CONVERSION = YES;
				GCC_WARN_ABOUT_RETURN_TYPE = YES_ERROR;
				GCC_WARN_UNDECLARED_SELECTOR = YES;
				GCC_WARN_UNINITIALIZED_AUTOS = YES_AGGRESSIVE;
				GCC_WARN_UNUSED_FUNCTION = YES;
				GCC_WARN_UNUSED_VARIABLE = YES;
				GOOGLE_ADS_BANNER = "ca-app-pub-3940256099942544/2934735716";
				GOOGLE_ADS_INTERSTITIAL = "ca-app-pub-3940256099942544/4411468910";
				IPHONEOS_DEPLOYMENT_TARGET = 12.1;
				MIXPANEL_TOKEN = "";
				MTL_ENABLE_DEBUG_INFO = INCLUDE_SOURCE;
				MTL_FAST_MATH = YES;
				ONLY_ACTIVE_ARCH = YES;
				SDKROOT = iphoneos;
				SWIFT_ACTIVE_COMPILATION_CONDITIONS = DEBUG;
				SWIFT_OPTIMIZATION_LEVEL = "-Onone";
			};
			name = Debug;
		};
		FE6223F322C3745500DA0A99 /* Release */ = {
			isa = XCBuildConfiguration;
			buildSettings = {
				ALWAYS_SEARCH_USER_PATHS = NO;
				CLANG_ANALYZER_NONNULL = YES;
				CLANG_ANALYZER_NUMBER_OBJECT_CONVERSION = YES_AGGRESSIVE;
				CLANG_CXX_LANGUAGE_STANDARD = "gnu++14";
				CLANG_CXX_LIBRARY = "libc++";
				CLANG_ENABLE_MODULES = YES;
				CLANG_ENABLE_OBJC_ARC = YES;
				CLANG_ENABLE_OBJC_WEAK = YES;
				CLANG_WARN_BLOCK_CAPTURE_AUTORELEASING = YES;
				CLANG_WARN_BOOL_CONVERSION = YES;
				CLANG_WARN_COMMA = YES;
				CLANG_WARN_CONSTANT_CONVERSION = YES;
				CLANG_WARN_DEPRECATED_OBJC_IMPLEMENTATIONS = YES;
				CLANG_WARN_DIRECT_OBJC_ISA_USAGE = YES_ERROR;
				CLANG_WARN_DOCUMENTATION_COMMENTS = YES;
				CLANG_WARN_EMPTY_BODY = YES;
				CLANG_WARN_ENUM_CONVERSION = YES;
				CLANG_WARN_INFINITE_RECURSION = YES;
				CLANG_WARN_INT_CONVERSION = YES;
				CLANG_WARN_NON_LITERAL_NULL_CONVERSION = YES;
				CLANG_WARN_OBJC_IMPLICIT_RETAIN_SELF = YES;
				CLANG_WARN_OBJC_LITERAL_CONVERSION = YES;
				CLANG_WARN_OBJC_ROOT_CLASS = YES_ERROR;
				CLANG_WARN_RANGE_LOOP_ANALYSIS = YES;
				CLANG_WARN_STRICT_PROTOTYPES = YES;
				CLANG_WARN_SUSPICIOUS_MOVE = YES;
				CLANG_WARN_UNGUARDED_AVAILABILITY = YES_AGGRESSIVE;
				CLANG_WARN_UNREACHABLE_CODE = YES;
				CLANG_WARN__DUPLICATE_METHOD_MATCH = YES;
				CODE_SIGN_IDENTITY = "iPhone Developer";
				COPY_PHASE_STRIP = NO;
				DEBUG_INFORMATION_FORMAT = "dwarf-with-dsym";
				ENABLE_NS_ASSERTIONS = NO;
				ENABLE_STRICT_OBJC_MSGSEND = YES;
				GCC_C_LANGUAGE_STANDARD = gnu11;
				GCC_NO_COMMON_BLOCKS = YES;
				GCC_PREPROCESSOR_DEFINITIONS = "RELEASE=1";
				GCC_WARN_64_TO_32_BIT_CONVERSION = YES;
				GCC_WARN_ABOUT_RETURN_TYPE = YES_ERROR;
				GCC_WARN_UNDECLARED_SELECTOR = YES;
				GCC_WARN_UNINITIALIZED_AUTOS = YES_AGGRESSIVE;
				GCC_WARN_UNUSED_FUNCTION = YES;
				GCC_WARN_UNUSED_VARIABLE = YES;
				GOOGLE_ADS_BANNER = "ca-app-pub-xxx";
				GOOGLE_ADS_INTERSTITIAL = "ca-app-pub-xxx";
				IPHONEOS_DEPLOYMENT_TARGET = 12.1;
				MIXPANEL_TOKEN = XXX;
				MTL_ENABLE_DEBUG_INFO = NO;
				MTL_FAST_MATH = YES;
				SDKROOT = iphoneos;
				SWIFT_ACTIVE_COMPILATION_CONDITIONS = "";
				SWIFT_COMPILATION_MODE = wholemodule;
				SWIFT_OPTIMIZATION_LEVEL = "-O";
				VALIDATE_PRODUCT = YES;
			};
			name = Release;
		};
		FE6223F522C3745500DA0A99 /* Debug */ = {
			isa = XCBuildConfiguration;
			baseConfigurationReference = D956F4B80BB8ED8DCC268FA5 /* Pods-Notes.debug.xcconfig */;
			buildSettings = {
				ASSETCATALOG_COMPILER_APPICON_NAME = AppIcon;
				CODE_SIGN_STYLE = Manual;
				DEVELOPMENT_TEAM = "";
				INFOPLIST_FILE = Notes/Info.plist;
				LD_RUNPATH_SEARCH_PATHS = (
					"$(inherited)",
					"@executable_path/Frameworks",
				);
				PRODUCT_BUNDLE_IDENTIFIER = com.visapps.notes.Notes;
				PRODUCT_NAME = "$(TARGET_NAME)";
				PROVISIONING_PROFILE_SPECIFIER = "";
				SWIFT_VERSION = 5.0;
				TARGETED_DEVICE_FAMILY = "1,2";
			};
			name = Debug;
		};
		FE6223F622C3745500DA0A99 /* Release */ = {
			isa = XCBuildConfiguration;
			baseConfigurationReference = 5E3C1E317AFC70DDBCB5D342 /* Pods-Notes.release.xcconfig */;
			buildSettings = {
				ASSETCATALOG_COMPILER_APPICON_NAME = AppIcon;
				CODE_SIGN_STYLE = Manual;
				DEVELOPMENT_TEAM = "";
				INFOPLIST_FILE = Notes/Info.plist;
				LD_RUNPATH_SEARCH_PATHS = (
					"$(inherited)",
					"@executable_path/Frameworks",
				);
				PRODUCT_BUNDLE_IDENTIFIER = com.visapps.notes.Notes;
				PRODUCT_NAME = "$(TARGET_NAME)";
				PROVISIONING_PROFILE_SPECIFIER = "";
				SWIFT_VERSION = 5.0;
				TARGETED_DEVICE_FAMILY = "1,2";
			};
			name = Release;
		};
		FE6223F822C3745500DA0A99 /* Debug */ = {
			isa = XCBuildConfiguration;
			baseConfigurationReference = 626D5FA67EE0DA596A3B9B25 /* Pods-NotesTests.debug.xcconfig */;
			buildSettings = {
				ALWAYS_EMBED_SWIFT_STANDARD_LIBRARIES = YES;
				BUNDLE_LOADER = "$(TEST_HOST)";
				CODE_SIGN_STYLE = Automatic;
				INFOPLIST_FILE = NotesTests/Info.plist;
				LD_RUNPATH_SEARCH_PATHS = (
					"$(inherited)",
					"@executable_path/Frameworks",
					"@loader_path/Frameworks",
				);
				PRODUCT_BUNDLE_IDENTIFIER = com.visapps.notes.NotesTests;
				PRODUCT_NAME = "$(TARGET_NAME)";
				SWIFT_VERSION = 5.0;
				TARGETED_DEVICE_FAMILY = "1,2";
				TEST_HOST = "$(BUILT_PRODUCTS_DIR)/Notes.app/Notes";
			};
			name = Debug;
		};
		FE6223F922C3745500DA0A99 /* Release */ = {
			isa = XCBuildConfiguration;
			baseConfigurationReference = 852E12BADF0973810FF4CCD3 /* Pods-NotesTests.release.xcconfig */;
			buildSettings = {
				ALWAYS_EMBED_SWIFT_STANDARD_LIBRARIES = YES;
				BUNDLE_LOADER = "$(TEST_HOST)";
				CODE_SIGN_STYLE = Automatic;
				INFOPLIST_FILE = NotesTests/Info.plist;
				LD_RUNPATH_SEARCH_PATHS = (
					"$(inherited)",
					"@executable_path/Frameworks",
					"@loader_path/Frameworks",
				);
				PRODUCT_BUNDLE_IDENTIFIER = com.visapps.notes.NotesTests;
				PRODUCT_NAME = "$(TARGET_NAME)";
				SWIFT_VERSION = 5.0;
				TARGETED_DEVICE_FAMILY = "1,2";
				TEST_HOST = "$(BUILT_PRODUCTS_DIR)/Notes.app/Notes";
			};
			name = Release;
		};
		FEC5DC1422D0A506006B6BCC /* QA */ = {
			isa = XCBuildConfiguration;
			buildSettings = {
				ALWAYS_SEARCH_USER_PATHS = NO;
				CLANG_ANALYZER_NONNULL = YES;
				CLANG_ANALYZER_NUMBER_OBJECT_CONVERSION = YES_AGGRESSIVE;
				CLANG_CXX_LANGUAGE_STANDARD = "gnu++14";
				CLANG_CXX_LIBRARY = "libc++";
				CLANG_ENABLE_MODULES = YES;
				CLANG_ENABLE_OBJC_ARC = YES;
				CLANG_ENABLE_OBJC_WEAK = YES;
				CLANG_WARN_BLOCK_CAPTURE_AUTORELEASING = YES;
				CLANG_WARN_BOOL_CONVERSION = YES;
				CLANG_WARN_COMMA = YES;
				CLANG_WARN_CONSTANT_CONVERSION = YES;
				CLANG_WARN_DEPRECATED_OBJC_IMPLEMENTATIONS = YES;
				CLANG_WARN_DIRECT_OBJC_ISA_USAGE = YES_ERROR;
				CLANG_WARN_DOCUMENTATION_COMMENTS = YES;
				CLANG_WARN_EMPTY_BODY = YES;
				CLANG_WARN_ENUM_CONVERSION = YES;
				CLANG_WARN_INFINITE_RECURSION = YES;
				CLANG_WARN_INT_CONVERSION = YES;
				CLANG_WARN_NON_LITERAL_NULL_CONVERSION = YES;
				CLANG_WARN_OBJC_IMPLICIT_RETAIN_SELF = YES;
				CLANG_WARN_OBJC_LITERAL_CONVERSION = YES;
				CLANG_WARN_OBJC_ROOT_CLASS = YES_ERROR;
				CLANG_WARN_RANGE_LOOP_ANALYSIS = YES;
				CLANG_WARN_STRICT_PROTOTYPES = YES;
				CLANG_WARN_SUSPICIOUS_MOVE = YES;
				CLANG_WARN_UNGUARDED_AVAILABILITY = YES_AGGRESSIVE;
				CLANG_WARN_UNREACHABLE_CODE = YES;
				CLANG_WARN__DUPLICATE_METHOD_MATCH = YES;
				CODE_SIGN_IDENTITY = "iPhone Developer";
				COPY_PHASE_STRIP = NO;
				DEBUG_INFORMATION_FORMAT = "dwarf-with-dsym";
				ENABLE_NS_ASSERTIONS = NO;
				ENABLE_STRICT_OBJC_MSGSEND = YES;
				GCC_C_LANGUAGE_STANDARD = gnu11;
				GCC_NO_COMMON_BLOCKS = YES;
				GCC_PREPROCESSOR_DEFINITIONS = "QA=1";
				GCC_WARN_64_TO_32_BIT_CONVERSION = YES;
				GCC_WARN_ABOUT_RETURN_TYPE = YES_ERROR;
				GCC_WARN_UNDECLARED_SELECTOR = YES;
				GCC_WARN_UNINITIALIZED_AUTOS = YES_AGGRESSIVE;
				GCC_WARN_UNUSED_FUNCTION = YES;
				GCC_WARN_UNUSED_VARIABLE = YES;
				GOOGLE_ADS_BANNER = "ca-app-pub-3940256099942544/2934735716";
				GOOGLE_ADS_INTERSTITIAL = "ca-app-pub-3940256099942544/4411468910";
				IPHONEOS_DEPLOYMENT_TARGET = 12.1;
				MIXPANEL_TOKEN = XXX;
				MTL_ENABLE_DEBUG_INFO = NO;
				MTL_FAST_MATH = YES;
				SDKROOT = iphoneos;
				SWIFT_ACTIVE_COMPILATION_CONDITIONS = "";
				SWIFT_COMPILATION_MODE = wholemodule;
				SWIFT_OPTIMIZATION_LEVEL = "-O";
				VALIDATE_PRODUCT = YES;
			};
			name = QA;
		};
		FEC5DC1522D0A506006B6BCC /* QA */ = {
			isa = XCBuildConfiguration;
			baseConfigurationReference = 487E35911BF3D916AE299707 /* Pods-Notes.qa.xcconfig */;
			buildSettings = {
				ASSETCATALOG_COMPILER_APPICON_NAME = AppIcon;
				CODE_SIGN_STYLE = Manual;
				DEVELOPMENT_TEAM = "";
				INFOPLIST_FILE = Notes/Info.plist;
				LD_RUNPATH_SEARCH_PATHS = (
					"$(inherited)",
					"@executable_path/Frameworks",
				);
				PRODUCT_BUNDLE_IDENTIFIER = com.visapps.notes.Notes;
				PRODUCT_NAME = "$(TARGET_NAME)";
				PROVISIONING_PROFILE_SPECIFIER = "";
				SWIFT_VERSION = 5.0;
				TARGETED_DEVICE_FAMILY = "1,2";
			};
			name = QA;
		};
		FEC5DC1622D0A506006B6BCC /* QA */ = {
			isa = XCBuildConfiguration;
			baseConfigurationReference = 29DC065DF7C157830F6AC6CA /* Pods-NotesTests.qa.xcconfig */;
			buildSettings = {
				ALWAYS_EMBED_SWIFT_STANDARD_LIBRARIES = YES;
				BUNDLE_LOADER = "$(TEST_HOST)";
				CODE_SIGN_STYLE = Automatic;
				INFOPLIST_FILE = NotesTests/Info.plist;
				LD_RUNPATH_SEARCH_PATHS = (
					"$(inherited)",
					"@executable_path/Frameworks",
					"@loader_path/Frameworks",
				);
				PRODUCT_BUNDLE_IDENTIFIER = com.visapps.notes.NotesTests;
				PRODUCT_NAME = "$(TARGET_NAME)";
				SWIFT_VERSION = 5.0;
				TARGETED_DEVICE_FAMILY = "1,2";
				TEST_HOST = "$(BUILT_PRODUCTS_DIR)/Notes.app/Notes";
			};
			name = QA;
		};
/* End XCBuildConfiguration section */

/* Begin XCConfigurationList section */
		FE6223D222C3745000DA0A99 /* Build configuration list for PBXProject "Notes" */ = {
			isa = XCConfigurationList;
			buildConfigurations = (
				FE6223F222C3745500DA0A99 /* Debug */,
				FE6223F322C3745500DA0A99 /* Release */,
				FEC5DC1422D0A506006B6BCC /* QA */,
			);
			defaultConfigurationIsVisible = 0;
			defaultConfigurationName = Release;
		};
		FE6223F422C3745500DA0A99 /* Build configuration list for PBXNativeTarget "Notes" */ = {
			isa = XCConfigurationList;
			buildConfigurations = (
				FE6223F522C3745500DA0A99 /* Debug */,
				FE6223F622C3745500DA0A99 /* Release */,
				FEC5DC1522D0A506006B6BCC /* QA */,
			);
			defaultConfigurationIsVisible = 0;
			defaultConfigurationName = Release;
		};
		FE6223F722C3745500DA0A99 /* Build configuration list for PBXNativeTarget "NotesTests" */ = {
			isa = XCConfigurationList;
			buildConfigurations = (
				FE6223F822C3745500DA0A99 /* Debug */,
				FE6223F922C3745500DA0A99 /* Release */,
				FEC5DC1622D0A506006B6BCC /* QA */,
			);
			defaultConfigurationIsVisible = 0;
			defaultConfigurationName = Release;
		};
/* End XCConfigurationList section */
	};
	rootObject = FE6223CF22C3745000DA0A99 /* Project object */;
}
